<?xml version="1.0" encoding="utf-8"?>
<DesignLock DesignPath="D:\AI\AI_Seminar\Main bearing\01. 정리\Python 자동화\Results\사이징최적화\P2_피로수명_Phase1\MASTA\P2_design_1.masta" UserName="KIMM" MachineName="DESKTOP-U88J32R" ProcessId="26828" CreationDate="2026-07-29T22:24:04.0083403Z" FileStatusHashCode="a26a49b6" />