<?xml version="1.0" encoding="utf-8"?>
<DesignLock DesignPath="D:\AI\AI_Seminar\Main bearing\02. 자료\260720 검증용 자료_롤러 프로파일\26MW_메인베어링_기본설계_v1.2_샤프트 두께,형상 2안_강체,롤러프로파일만_260720.Masta" UserName="KIMM" MachineName="DESKTOP-QUTU9RB" ProcessId="30812" CreationDate="2026-07-20T05:39:42.3102929Z" FileStatusHashCode="ac5cd512" />